
Microsoft Visual Studio Solution File, Format Version 12.00
# Visual Studio Version 16
VisualStudioVersion = 16.0.31205.134
MinimumVisualStudioVersion = 10.0.40219.1
Project("{FAE04EC0-301F-11D3-BF4B-00C04F79EFBC}") = "01_Cafe_Tests", "01_Cafe_Tests\01_Cafe_Tests.csproj", "{6A44254F-E62F-414C-9DC4-E606BEEC9766}"
EndProject
Project("{FAE04EC0-301F-11D3-BF4B-00C04F79EFBC}") = "02_Claims_Repo", "02_Claims_Repo\02_Claims_Repo.csproj", "{AB55D3C6-D7D9-41BD-AD2A-6A5D7A68758A}"
EndProject
Project("{FAE04EC0-301F-11D3-BF4B-00C04F79EFBC}") = "02_Claims_Console", "02_Claims_Console\02_Claims_Console.csproj", "{53DE507D-2F36-43BA-A3FB-43DFD0E726A1}"
EndProject
Project("{FAE04EC0-301F-11D3-BF4B-00C04F79EFBC}") = "02_Claims_Tests", "02_Claims_Tests\02_Claims_Tests.csproj", "{A8C72470-2F3E-43B4-B8B4-615867D918FE}"
EndProject
Project("{FAE04EC0-301F-11D3-BF4B-00C04F79EFBC}") = "03_Badge_Console", "03_Badge_Console\03_Badge_Console.csproj", "{4F4772CC-7554-43B8-B72A-1F45F0D0C42B}"
EndProject
Project("{FAE04EC0-301F-11D3-BF4B-00C04F79EFBC}") = "03_Badge_Repo", "03_Badge_Repo\03_Badge_Repo.csproj", "{F298E7E9-8079-4604-95C5-60DC439325CE}"
EndProject
Project("{FAE04EC0-301F-11D3-BF4B-00C04F79EFBC}") = "03_Badge_Tests", "03_Badge_Tests\03_Badge_Tests.csproj", "{ABE46B5F-C0A5-4A3B-A85C-C2680A771337}"
EndProject
Project("{FAE04EC0-301F-11D3-BF4B-00C04F79EFBC}") = "01_Cafe_Console", "01_Cafe_Console\01_Cafe_Console.csproj", "{F13FE4BF-AC1C-4D63-9E58-0EBDFEE45BE1}"
EndProject
Project("{FAE04EC0-301F-11D3-BF4B-00C04F79EFBC}") = "01_Cafe_Repo", "01_Cafe_Repo\01_Cafe_Repo.csproj", "{0AA153AC-715E-42AE-8B6A-96461AE99A7F}"
EndProject
Global
	GlobalSection(SolutionConfigurationPlatforms) = preSolution
		Debug|Any CPU = Debug|Any CPU
		Release|Any CPU = Release|Any CPU
	EndGlobalSection
	GlobalSection(ProjectConfigurationPlatforms) = postSolution
		{6A44254F-E62F-414C-9DC4-E606BEEC9766}.Debug|Any CPU.ActiveCfg = Debug|Any CPU
		{6A44254F-E62F-414C-9DC4-E606BEEC9766}.Debug|Any CPU.Build.0 = Debug|Any CPU
		{6A44254F-E62F-414C-9DC4-E606BEEC9766}.Release|Any CPU.ActiveCfg = Release|Any CPU
		{6A44254F-E62F-414C-9DC4-E606BEEC9766}.Release|Any CPU.Build.0 = Release|Any CPU
		{AB55D3C6-D7D9-41BD-AD2A-6A5D7A68758A}.Debug|Any CPU.ActiveCfg = Debug|Any CPU
		{AB55D3C6-D7D9-41BD-AD2A-6A5D7A68758A}.Debug|Any CPU.Build.0 = Debug|Any CPU
		{AB55D3C6-D7D9-41BD-AD2A-6A5D7A68758A}.Release|Any CPU.ActiveCfg = Release|Any CPU
		{AB55D3C6-D7D9-41BD-AD2A-6A5D7A68758A}.Release|Any CPU.Build.0 = Release|Any CPU
		{53DE507D-2F36-43BA-A3FB-43DFD0E726A1}.Debug|Any CPU.ActiveCfg = Debug|Any CPU
		{53DE507D-2F36-43BA-A3FB-43DFD0E726A1}.Debug|Any CPU.Build.0 = Debug|Any CPU
		{53DE507D-2F36-43BA-A3FB-43DFD0E726A1}.Release|Any CPU.ActiveCfg = Release|Any CPU
		{53DE507D-2F36-43BA-A3FB-43DFD0E726A1}.Release|Any CPU.Build.0 = Release|Any CPU
		{A8C72470-2F3E-43B4-B8B4-615867D918FE}.Debug|Any CPU.ActiveCfg = Debug|Any CPU
		{A8C72470-2F3E-43B4-B8B4-615867D918FE}.Debug|Any CPU.Build.0 = Debug|Any CPU
		{A8C72470-2F3E-43B4-B8B4-615867D918FE}.Release|Any CPU.ActiveCfg = Release|Any CPU
		{A8C72470-2F3E-43B4-B8B4-615867D918FE}.Release|Any CPU.Build.0 = Release|Any CPU
		{4F4772CC-7554-43B8-B72A-1F45F0D0C42B}.Debug|Any CPU.ActiveCfg = Debug|Any CPU
		{4F4772CC-7554-43B8-B72A-1F45F0D0C42B}.Debug|Any CPU.Build.0 = Debug|Any CPU
		{4F4772CC-7554-43B8-B72A-1F45F0D0C42B}.Release|Any CPU.ActiveCfg = Release|Any CPU
		{4F4772CC-7554-43B8-B72A-1F45F0D0C42B}.Release|Any CPU.Build.0 = Release|Any CPU
		{F298E7E9-8079-4604-95C5-60DC439325CE}.Debug|Any CPU.ActiveCfg = Debug|Any CPU
		{F298E7E9-8079-4604-95C5-60DC439325CE}.Debug|Any CPU.Build.0 = Debug|Any CPU
		{F298E7E9-8079-4604-95C5-60DC439325CE}.Release|Any CPU.ActiveCfg = Release|Any CPU
		{F298E7E9-8079-4604-95C5-60DC439325CE}.Release|Any CPU.Build.0 = Release|Any CPU
		{ABE46B5F-C0A5-4A3B-A85C-C2680A771337}.Debug|Any CPU.ActiveCfg = Debug|Any CPU
		{ABE46B5F-C0A5-4A3B-A85C-C2680A771337}.Debug|Any CPU.Build.0 = Debug|Any CPU
		{ABE46B5F-C0A5-4A3B-A85C-C2680A771337}.Release|Any CPU.ActiveCfg = Release|Any CPU
		{ABE46B5F-C0A5-4A3B-A85C-C2680A771337}.Release|Any CPU.Build.0 = Release|Any CPU
		{F13FE4BF-AC1C-4D63-9E58-0EBDFEE45BE1}.Debug|Any CPU.ActiveCfg = Debug|Any CPU
		{F13FE4BF-AC1C-4D63-9E58-0EBDFEE45BE1}.Debug|Any CPU.Build.0 = Debug|Any CPU
		{F13FE4BF-AC1C-4D63-9E58-0EBDFEE45BE1}.Release|Any CPU.ActiveCfg = Release|Any CPU
		{F13FE4BF-AC1C-4D63-9E58-0EBDFEE45BE1}.Release|Any CPU.Build.0 = Release|Any CPU
		{0AA153AC-715E-42AE-8B6A-96461AE99A7F}.Debug|Any CPU.ActiveCfg = Debug|Any CPU
		{0AA153AC-715E-42AE-8B6A-96461AE99A7F}.Debug|Any CPU.Build.0 = Debug|Any CPU
		{0AA153AC-715E-42AE-8B6A-96461AE99A7F}.Release|Any CPU.ActiveCfg = Release|Any CPU
		{0AA153AC-715E-42AE-8B6A-96461AE99A7F}.Release|Any CPU.Build.0 = Release|Any CPU
	EndGlobalSection
	GlobalSection(SolutionProperties) = preSolution
		HideSolutionNode = FALSE
	EndGlobalSection
	GlobalSection(ExtensibilityGlobals) = postSolution
		SolutionGuid = {FE565C77-E47C-427E-9729-3EAC3997F4F5}
	EndGlobalSection
EndGlobal
